
Microsoft Visual Studio Solution File, Format Version 12.00
# Visual Studio Version 17
VisualStudioVersion = 17.7.34221.43
MinimumVisualStudioVersion = 10.0.40219.1
Project("{9A19103F-16F7-4668-BE54-9A1E7A4F7556}") = "OnlineLibrary", "OnlineLibrary.csproj", "{0D0F9C11-EF58-484B-9740-8AB097ACD45C}"
EndProject
Global
	GlobalSection(SolutionConfigurationPlatforms) = preSolution
		Debug|Any CPU = Debug|Any CPU
		Release|Any CPU = Release|Any CPU
	EndGlobalSection
	GlobalSection(ProjectConfigurationPlatforms) = postSolution
		{0D0F9C11-EF58-484B-9740-8AB097ACD45C}.Debug|Any CPU.ActiveCfg = Debug|Any CPU
		{0D0F9C11-EF58-484B-9740-8AB097ACD45C}.Debug|Any CPU.Build.0 = Debug|Any CPU
		{0D0F9C11-EF58-484B-9740-8AB097ACD45C}.Release|Any CPU.ActiveCfg = Release|Any CPU
		{0D0F9C11-EF58-484B-9740-8AB097ACD45C}.Release|Any CPU.Build.0 = Release|Any CPU
	EndGlobalSection
	GlobalSection(SolutionProperties) = preSolution
		HideSolutionNode = FALSE
	EndGlobalSection
	GlobalSection(ExtensibilityGlobals) = postSolution
		SolutionGuid = {EB3C6AC9-D652-4C78-9B3F-7F28FEA7B266}
	EndGlobalSection
EndGlobal
